
Microsoft Visual Studio Solution File, Format Version 12.00
# Visual Studio 15
VisualStudioVersion = 15.0.27130.2036
MinimumVisualStudioVersion = 10.0.40219.1
Project("{FAE04EC0-301F-11D3-BF4B-00C04F79EFBC}") = "Assignment2", "Assignment2\Assignment2.csproj", "{134BD5FE-FF59-49C7-990C-BE64CE3F176F}"
EndProject
Global
	GlobalSection(SolutionConfigurationPlatforms) = preSolution
		Debug|Any CPU = Debug|Any CPU
		Release|Any CPU = Release|Any CPU
	EndGlobalSection
	GlobalSection(ProjectConfigurationPlatforms) = postSolution
		{134BD5FE-FF59-49C7-990C-BE64CE3F176F}.Debug|Any CPU.ActiveCfg = Debug|Any CPU
		{134BD5FE-FF59-49C7-990C-BE64CE3F176F}.Debug|Any CPU.Build.0 = Debug|Any CPU
		{134BD5FE-FF59-49C7-990C-BE64CE3F176F}.Release|Any CPU.ActiveCfg = Release|Any CPU
		{134BD5FE-FF59-49C7-990C-BE64CE3F176F}.Release|Any CPU.Build.0 = Release|Any CPU
	EndGlobalSection
	GlobalSection(SolutionProperties) = preSolution
		HideSolutionNode = FALSE
	EndGlobalSection
	GlobalSection(ExtensibilityGlobals) = postSolution
		SolutionGuid = {28DF153C-1F75-4E32-BFEA-5ED081AE0DD0}
	EndGlobalSection
EndGlobal
